
Microsoft Visual Studio Solution File, Format Version 12.00
# Visual Studio Version 17
VisualStudioVersion = 17.4.33213.308
MinimumVisualStudioVersion = 10.0.40219.1
Project("{FAE04EC0-301F-11D3-BF4B-00C04F79EFBC}") = "EEH", "EEH\EEH.csproj", "{527FFB5E-BA11-4BED-9214-F30DBCAD7142}"
EndProject
Global
	GlobalSection(SolutionConfigurationPlatforms) = preSolution
		Debug|Any CPU = Debug|Any CPU
		Release|Any CPU = Release|Any CPU
	EndGlobalSection
	GlobalSection(ProjectConfigurationPlatforms) = postSolution
		{527FFB5E-BA11-4BED-9214-F30DBCAD7142}.Debug|Any CPU.ActiveCfg = Debug|Any CPU
		{527FFB5E-BA11-4BED-9214-F30DBCAD7142}.Debug|Any CPU.Build.0 = Debug|Any CPU
		{527FFB5E-BA11-4BED-9214-F30DBCAD7142}.Release|Any CPU.ActiveCfg = Release|Any CPU
		{527FFB5E-BA11-4BED-9214-F30DBCAD7142}.Release|Any CPU.Build.0 = Release|Any CPU
	EndGlobalSection
	GlobalSection(SolutionProperties) = preSolution
		HideSolutionNode = FALSE
	EndGlobalSection
	GlobalSection(ExtensibilityGlobals) = postSolution
		SolutionGuid = {8FDBEC19-045D-423C-B851-E9B0B0C40479}
	EndGlobalSection
EndGlobal
