
Microsoft Visual Studio Solution File, Format Version 12.00
# Visual Studio Version 17
VisualStudioVersion = 17.4.33103.184
MinimumVisualStudioVersion = 10.0.40219.1
Project("{9A19103F-16F7-4668-BE54-9A1E7A4F7556}") = "EEH.WPF.UI", "EEH.WPF.UI\EEH.WPF.UI.csproj", "{2BD2AC80-A567-4F89-AAA8-6FC75AAC8D5E}"
EndProject
Project("{9A19103F-16F7-4668-BE54-9A1E7A4F7556}") = "EEH", "EEH\EEH.csproj", "{E220F702-B7D6-47E9-92B9-6B246CC6F966}"
EndProject
Project("{9A19103F-16F7-4668-BE54-9A1E7A4F7556}") = "EEH.WPF", "EEH.WPF\EEH.WPF.csproj", "{D3DC88CF-FEB0-45F9-BFF9-B9B7EBCAC382}"
EndProject
Project("{9A19103F-16F7-4668-BE54-9A1E7A4F7556}") = "EEH.WEB", "EEH.WEB\EEH.WEB.csproj", "{A575BF3B-5511-44AB-9970-277FCA3B71F4}"
EndProject
Project("{9A19103F-16F7-4668-BE54-9A1E7A4F7556}") = "EEH.FOOTBALL.BIZ", "EEH.FOOTBALL.BIZ\EEH.FOOTBALL.BIZ.csproj", "{D1252722-DFFC-4EF7-9CBB-F09B42F63A2A}"
EndProject
Project("{2150E333-8FDC-42A3-9474-1A3956D46DE8}") = "00 CORE", "00 CORE", "{4C519572-9EDC-4A1C-AFD7-52236D74EA3C}"
EndProject
Project("{2150E333-8FDC-42A3-9474-1A3956D46DE8}") = "01 BIZ", "01 BIZ", "{DB2B6F84-8057-49BB-AC47-1FC65E7F0262}"
EndProject
Project("{2150E333-8FDC-42A3-9474-1A3956D46DE8}") = "02 UI", "02 UI", "{887F5FE1-37DC-48FD-A578-DF4DD4C8334B}"
EndProject
Project("{9A19103F-16F7-4668-BE54-9A1E7A4F7556}") = "EEH.WEB.UI", "EEH.WEB.UI\EEH.WEB.UI.csproj", "{A4C2367E-A90F-4149-AFFF-132555A2AE3A}"
EndProject
Project("{FAE04EC0-301F-11D3-BF4B-00C04F79EFBC}") = "EEH.DB", "EEH.DB\EEH.DB.csproj", "{9D5C2F6F-928B-4CE8-987D-93E231F1F683}"
EndProject
Global
	GlobalSection(SolutionConfigurationPlatforms) = preSolution
		Debug|Any CPU = Debug|Any CPU
		Release|Any CPU = Release|Any CPU
	EndGlobalSection
	GlobalSection(ProjectConfigurationPlatforms) = postSolution
		{2BD2AC80-A567-4F89-AAA8-6FC75AAC8D5E}.Debug|Any CPU.ActiveCfg = Debug|Any CPU
		{2BD2AC80-A567-4F89-AAA8-6FC75AAC8D5E}.Debug|Any CPU.Build.0 = Debug|Any CPU
		{2BD2AC80-A567-4F89-AAA8-6FC75AAC8D5E}.Release|Any CPU.ActiveCfg = Release|Any CPU
		{2BD2AC80-A567-4F89-AAA8-6FC75AAC8D5E}.Release|Any CPU.Build.0 = Release|Any CPU
		{E220F702-B7D6-47E9-92B9-6B246CC6F966}.Debug|Any CPU.ActiveCfg = Debug|Any CPU
		{E220F702-B7D6-47E9-92B9-6B246CC6F966}.Debug|Any CPU.Build.0 = Debug|Any CPU
		{E220F702-B7D6-47E9-92B9-6B246CC6F966}.Release|Any CPU.ActiveCfg = Release|Any CPU
		{E220F702-B7D6-47E9-92B9-6B246CC6F966}.Release|Any CPU.Build.0 = Release|Any CPU
		{D3DC88CF-FEB0-45F9-BFF9-B9B7EBCAC382}.Debug|Any CPU.ActiveCfg = Debug|Any CPU
		{D3DC88CF-FEB0-45F9-BFF9-B9B7EBCAC382}.Debug|Any CPU.Build.0 = Debug|Any CPU
		{D3DC88CF-FEB0-45F9-BFF9-B9B7EBCAC382}.Release|Any CPU.ActiveCfg = Release|Any CPU
		{D3DC88CF-FEB0-45F9-BFF9-B9B7EBCAC382}.Release|Any CPU.Build.0 = Release|Any CPU
		{A575BF3B-5511-44AB-9970-277FCA3B71F4}.Debug|Any CPU.ActiveCfg = Debug|Any CPU
		{A575BF3B-5511-44AB-9970-277FCA3B71F4}.Debug|Any CPU.Build.0 = Debug|Any CPU
		{A575BF3B-5511-44AB-9970-277FCA3B71F4}.Release|Any CPU.ActiveCfg = Release|Any CPU
		{A575BF3B-5511-44AB-9970-277FCA3B71F4}.Release|Any CPU.Build.0 = Release|Any CPU
		{D1252722-DFFC-4EF7-9CBB-F09B42F63A2A}.Debug|Any CPU.ActiveCfg = Debug|Any CPU
		{D1252722-DFFC-4EF7-9CBB-F09B42F63A2A}.Debug|Any CPU.Build.0 = Debug|Any CPU
		{D1252722-DFFC-4EF7-9CBB-F09B42F63A2A}.Release|Any CPU.ActiveCfg = Release|Any CPU
		{D1252722-DFFC-4EF7-9CBB-F09B42F63A2A}.Release|Any CPU.Build.0 = Release|Any CPU
		{A4C2367E-A90F-4149-AFFF-132555A2AE3A}.Debug|Any CPU.ActiveCfg = Debug|Any CPU
		{A4C2367E-A90F-4149-AFFF-132555A2AE3A}.Debug|Any CPU.Build.0 = Debug|Any CPU
		{A4C2367E-A90F-4149-AFFF-132555A2AE3A}.Release|Any CPU.ActiveCfg = Release|Any CPU
		{A4C2367E-A90F-4149-AFFF-132555A2AE3A}.Release|Any CPU.Build.0 = Release|Any CPU
		{9D5C2F6F-928B-4CE8-987D-93E231F1F683}.Debug|Any CPU.ActiveCfg = Debug|Any CPU
		{9D5C2F6F-928B-4CE8-987D-93E231F1F683}.Debug|Any CPU.Build.0 = Debug|Any CPU
		{9D5C2F6F-928B-4CE8-987D-93E231F1F683}.Release|Any CPU.ActiveCfg = Release|Any CPU
		{9D5C2F6F-928B-4CE8-987D-93E231F1F683}.Release|Any CPU.Build.0 = Release|Any CPU
	EndGlobalSection
	GlobalSection(SolutionProperties) = preSolution
		HideSolutionNode = FALSE
	EndGlobalSection
	GlobalSection(NestedProjects) = preSolution
		{2BD2AC80-A567-4F89-AAA8-6FC75AAC8D5E} = {887F5FE1-37DC-48FD-A578-DF4DD4C8334B}
		{E220F702-B7D6-47E9-92B9-6B246CC6F966} = {4C519572-9EDC-4A1C-AFD7-52236D74EA3C}
		{D3DC88CF-FEB0-45F9-BFF9-B9B7EBCAC382} = {4C519572-9EDC-4A1C-AFD7-52236D74EA3C}
		{A575BF3B-5511-44AB-9970-277FCA3B71F4} = {4C519572-9EDC-4A1C-AFD7-52236D74EA3C}
		{D1252722-DFFC-4EF7-9CBB-F09B42F63A2A} = {DB2B6F84-8057-49BB-AC47-1FC65E7F0262}
		{A4C2367E-A90F-4149-AFFF-132555A2AE3A} = {887F5FE1-37DC-48FD-A578-DF4DD4C8334B}
		{9D5C2F6F-928B-4CE8-987D-93E231F1F683} = {4C519572-9EDC-4A1C-AFD7-52236D74EA3C}
	EndGlobalSection
	GlobalSection(ExtensibilityGlobals) = postSolution
		SolutionGuid = {29620F88-E062-4ABB-8560-9CEAF0124E64}
	EndGlobalSection
EndGlobal
